
Microsoft Visual Studio Solution File, Format Version 12.00
# Visual Studio 15
VisualStudioVersion = 15.0.28010.2003
MinimumVisualStudioVersion = 10.0.40219.1
Project("{9A19103F-16F7-4668-BE54-9A1E7A4F7556}") = "BlobWriter", "BlobWriter\BlobWriter.csproj", "{F62B5C7C-8704-42C5-AD0D-1F8C335B3FE9}"
EndProject
Project("{FAE04EC0-301F-11D3-BF4B-00C04F79EFBC}") = "BlobWriter.Tester", "BlobWriter.Tester\BlobWriter.Tester.csproj", "{6F03078B-1323-4600-A716-38C9D9D87263}"
EndProject
Global
	GlobalSection(SolutionConfigurationPlatforms) = preSolution
		Debug|Any CPU = Debug|Any CPU
		Release|Any CPU = Release|Any CPU
	EndGlobalSection
	GlobalSection(ProjectConfigurationPlatforms) = postSolution
		{F62B5C7C-8704-42C5-AD0D-1F8C335B3FE9}.Debug|Any CPU.ActiveCfg = Debug|Any CPU
		{F62B5C7C-8704-42C5-AD0D-1F8C335B3FE9}.Debug|Any CPU.Build.0 = Debug|Any CPU
		{F62B5C7C-8704-42C5-AD0D-1F8C335B3FE9}.Release|Any CPU.ActiveCfg = Release|Any CPU
		{F62B5C7C-8704-42C5-AD0D-1F8C335B3FE9}.Release|Any CPU.Build.0 = Release|Any CPU
		{6F03078B-1323-4600-A716-38C9D9D87263}.Debug|Any CPU.ActiveCfg = Debug|Any CPU
		{6F03078B-1323-4600-A716-38C9D9D87263}.Debug|Any CPU.Build.0 = Debug|Any CPU
		{6F03078B-1323-4600-A716-38C9D9D87263}.Release|Any CPU.ActiveCfg = Release|Any CPU
		{6F03078B-1323-4600-A716-38C9D9D87263}.Release|Any CPU.Build.0 = Release|Any CPU
	EndGlobalSection
	GlobalSection(SolutionProperties) = preSolution
		HideSolutionNode = FALSE
	EndGlobalSection
	GlobalSection(ExtensibilityGlobals) = postSolution
		SolutionGuid = {C6C67ABA-0A88-413E-B910-CF109A967FD1}
	EndGlobalSection
EndGlobal
